
Microsoft Visual Studio Solution File, Format Version 12.00
# Visual Studio Version 17
VisualStudioVersion = 17.6.33801.468
MinimumVisualStudioVersion = 10.0.40219.1
Project("{FAE04EC0-301F-11D3-BF4B-00C04F79EFBC}") = "FirstUnitTest", "FirstUnitTest\FirstUnitTest.csproj", "{4BB86351-22F0-45E9-AA2C-50FBCE5511BE}"
EndProject
Project("{FAE04EC0-301F-11D3-BF4B-00C04F79EFBC}") = "Calculator", "Calculator\Calculator.csproj", "{748F9F42-A72E-4B55-8CEF-F43D0C32AC4A}"
EndProject
Global
	GlobalSection(SolutionConfigurationPlatforms) = preSolution
		Debug|Any CPU = Debug|Any CPU
		Release|Any CPU = Release|Any CPU
	EndGlobalSection
	GlobalSection(ProjectConfigurationPlatforms) = postSolution
		{4BB86351-22F0-45E9-AA2C-50FBCE5511BE}.Debug|Any CPU.ActiveCfg = Debug|Any CPU
		{4BB86351-22F0-45E9-AA2C-50FBCE5511BE}.Debug|Any CPU.Build.0 = Debug|Any CPU
		{4BB86351-22F0-45E9-AA2C-50FBCE5511BE}.Release|Any CPU.ActiveCfg = Release|Any CPU
		{4BB86351-22F0-45E9-AA2C-50FBCE5511BE}.Release|Any CPU.Build.0 = Release|Any CPU
		{748F9F42-A72E-4B55-8CEF-F43D0C32AC4A}.Debug|Any CPU.ActiveCfg = Debug|Any CPU
		{748F9F42-A72E-4B55-8CEF-F43D0C32AC4A}.Debug|Any CPU.Build.0 = Debug|Any CPU
		{748F9F42-A72E-4B55-8CEF-F43D0C32AC4A}.Release|Any CPU.ActiveCfg = Release|Any CPU
		{748F9F42-A72E-4B55-8CEF-F43D0C32AC4A}.Release|Any CPU.Build.0 = Release|Any CPU
	EndGlobalSection
	GlobalSection(SolutionProperties) = preSolution
		HideSolutionNode = FALSE
	EndGlobalSection
	GlobalSection(ExtensibilityGlobals) = postSolution
		SolutionGuid = {4DF9ADDD-A00A-4B7B-AE37-A0118CE42E09}
	EndGlobalSection
EndGlobal
